// !$*UTF8*$!
{
	archiveVersion = 1;
	classes = {
	};
	objectVersion = 46;
	objects = {

/* Begin PBXBuildFile section */
		BB5534A31A28979E0066D9CA /* influence_map.cpp in Sources */ = {isa = PBXBuildFile; fileRef = BB5534A11A28979E0066D9CA /* influence_map.cpp */; };
		BB5534A41A28979E0066D9CA /* main.cpp in Sources */ = {isa = PBXBuildFile; fileRef = BB5534A21A28979E0066D9CA /* main.cpp */; };
		BB5534A61A2898090066D9CA /* test_influence_map.cpp in Sources */ = {isa = PBXBuildFile; fileRef = BB5534A51A2898090066D9CA /* test_influence_map.cpp */; };
/* End PBXBuildFile section */

/* Begin PBXCopyFilesBuildPhase section */
		BB5534931A2896C70066D9CA /* CopyFiles */ = {
			isa = PBXCopyFilesBuildPhase;
			buildActionMask = 2147483647;
			dstPath = /usr/share/man/man1/;
			dstSubfolderSpec = 0;
			files = (
			);
			runOnlyForDeploymentPostprocessing = 1;
		};
/* End PBXCopyFilesBuildPhase section */

/* Begin PBXFileReference section */
		BB5534951A2896C70066D9CA /* ccinfluence */ = {isa = PBXFileReference; explicitFileType = "compiled.mach-o.executable"; includeInIndex = 0; path = ccinfluence; sourceTree = BUILT_PRODUCTS_DIR; };
		BB5534A01A28979E0066D9CA /* catch.hpp */ = {isa = PBXFileReference; fileEncoding = 4; lastKnownFileType = sourcecode.cpp.h; path = catch.hpp; sourceTree = "<group>"; };
		BB5534A11A28979E0066D9CA /* influence_map.cpp */ = {isa = PBXFileReference; fileEncoding = 4; lastKnownFileType = sourcecode.cpp.cpp; path = influence_map.cpp; sourceTree = "<group>"; };
		BB5534A21A28979E0066D9CA /* main.cpp */ = {isa = PBXFileReference; fileEncoding = 4; lastKnownFileType = sourcecode.cpp.cpp; path = main.cpp; sourceTree = "<group>"; };
		BB5534A51A2898090066D9CA /* test_influence_map.cpp */ = {isa = PBXFileReference; fileEncoding = 4; lastKnownFileType = sourcecode.cpp.cpp; path = test_influence_map.cpp; sourceTree = "<group>"; };
		BB5534A71A289B250066D9CA /* influence_map.h */ = {isa = PBXFileReference; fileEncoding = 4; lastKnownFileType = sourcecode.c.h; path = influence_map.h; sourceTree = "<group>"; };
		BB5534A81A28A0A60066D9CA /* influence_map.inl */ = {isa = PBXFileReference; fileEncoding = 4; lastKnownFileType = text; path = influence_map.inl; sourceTree = "<group>"; };
		BB5534A91A28CD310066D9CA /* xassert.h */ = {isa = PBXFileReference; fileEncoding = 4; lastKnownFileType = sourcecode.c.h; path = xassert.h; sourceTree = "<group>"; };
/* End PBXFileReference section */

/* Begin PBXFrameworksBuildPhase section */
		BB5534921A2896C70066D9CA /* Frameworks */ = {
			isa = PBXFrameworksBuildPhase;
			buildActionMask = 2147483647;
			files = (
			);
			runOnlyForDeploymentPostprocessing = 0;
		};
/* End PBXFrameworksBuildPhase section */

/* Begin PBXGroup section */
		BB55348C1A2896C70066D9CA = {
			isa = PBXGroup;
			children = (
				BB55349F1A28979E0066D9CA /* src */,
				BB5534961A2896C70066D9CA /* Products */,
			);
			sourceTree = "<group>";
		};
		BB5534961A2896C70066D9CA /* Products */ = {
			isa = PBXGroup;
			children = (
				BB5534951A2896C70066D9CA /* ccinfluence */,
			);
			name = Products;
			sourceTree = "<group>";
		};
		BB55349F1A28979E0066D9CA /* src */ = {
			isa = PBXGroup;
			children = (
				BB5534A01A28979E0066D9CA /* catch.hpp */,
				BB5534A11A28979E0066D9CA /* influence_map.cpp */,
				BB5534A71A289B250066D9CA /* influence_map.h */,
				BB5534A81A28A0A60066D9CA /* influence_map.inl */,
				BB5534A21A28979E0066D9CA /* main.cpp */,
				BB5534A51A2898090066D9CA /* test_influence_map.cpp */,
				BB5534A91A28CD310066D9CA /* xassert.h */,
			);
			path = src;
			sourceTree = "<group>";
		};
/* End PBXGroup section */

/* Begin PBXNativeTarget section */
		BB5534941A2896C70066D9CA /* ccinfluence */ = {
			isa = PBXNativeTarget;
			buildConfigurationList = BB55349C1A2896C70066D9CA /* Build configuration list for PBXNativeTarget "ccinfluence" */;
			buildPhases = (
				BB5534911A2896C70066D9CA /* Sources */,
				BB5534921A2896C70066D9CA /* Frameworks */,
				BB5534931A2896C70066D9CA /* CopyFiles */,
			);
			buildRules = (
			);
			dependencies = (
			);
			name = ccinfluence;
			productName = ccinfluence;
			productReference = BB5534951A2896C70066D9CA /* ccinfluence */;
			productType = "com.apple.product-type.tool";
		};
/* End PBXNativeTarget section */

/* Begin PBXProject section */
		BB55348D1A2896C70066D9CA /* Project object */ = {
			isa = PBXProject;
			attributes = {
				LastUpgradeCheck = 0610;
				ORGANIZATIONNAME = "David Wagner";
				TargetAttributes = {
					BB5534941A2896C70066D9CA = {
						CreatedOnToolsVersion = 6.1;
					};
				};
			};
			buildConfigurationList = BB5534901A2896C70066D9CA /* Build configuration list for PBXProject "ccinfluence" */;
			compatibilityVersion = "Xcode 3.2";
			developmentRegion = English;
			hasScannedForEncodings = 0;
			knownRegions = (
				en,
			);
			mainGroup = BB55348C1A2896C70066D9CA;
			productRefGroup = BB5534961A2896C70066D9CA /* Products */;
			projectDirPath = "";
			projectRoot = "";
			targets = (
				BB5534941A2896C70066D9CA /* ccinfluence */,
			);
		};
/* End PBXProject section */

/* Begin PBXSourcesBuildPhase section */
		BB5534911A2896C70066D9CA /* Sources */ = {
			isa = PBXSourcesBuildPhase;
			buildActionMask = 2147483647;
			files = (
				BB5534A31A28979E0066D9CA /* influence_map.cpp in Sources */,
				BB5534A41A28979E0066D9CA /* main.cpp in Sources */,
				BB5534A61A2898090066D9CA /* test_influence_map.cpp in Sources */,
			);
			runOnlyForDeploymentPostprocessing = 0;
		};
/* End PBXSourcesBuildPhase section */

/* Begin XCBuildConfiguration section */
		BB55349A1A2896C70066D9CA /* Debug */ = {
			isa = XCBuildConfiguration;
			buildSettings = {
				ALWAYS_SEARCH_USER_PATHS = NO;
				CLANG_CXX_LANGUAGE_STANDARD = "gnu++0x";
				CLANG_CXX_LIBRARY = "libc++";
				CLANG_ENABLE_MODULES = YES;
				CLANG_ENABLE_OBJC_ARC = YES;
				CLANG_WARN_BOOL_CONVERSION = YES;
				CLANG_WARN_CONSTANT_CONVERSION = YES;
				CLANG_WARN_DIRECT_OBJC_ISA_USAGE = YES_ERROR;
				CLANG_WARN_EMPTY_BODY = YES;
				CLANG_WARN_ENUM_CONVERSION = YES;
				CLANG_WARN_INT_CONVERSION = YES;
				CLANG_WARN_OBJC_ROOT_CLASS = YES_ERROR;
				CLANG_WARN_UNREACHABLE_CODE = YES;
				CLANG_WARN__DUPLICATE_METHOD_MATCH = YES;
				COPY_PHASE_STRIP = NO;
				ENABLE_STRICT_OBJC_MSGSEND = YES;
				GCC_C_LANGUAGE_STANDARD = gnu99;
				GCC_DYNAMIC_NO_PIC = NO;
				GCC_OPTIMIZATION_LEVEL = 0;
				GCC_PREPROCESSOR_DEFINITIONS = (
					"DEBUG=1",
					"$(inherited)",
				);
				GCC_SYMBOLS_PRIVATE_EXTERN = NO;
				GCC_WARN_64_TO_32_BIT_CONVERSION = YES;
				GCC_WARN_ABOUT_RETURN_TYPE = YES_ERROR;
				GCC_WARN_UNDECLARED_SELECTOR = YES;
				GCC_WARN_UNINITIALIZED_AUTOS = YES_AGGRESSIVE;
				GCC_WARN_UNUSED_FUNCTION = YES;
				GCC_WARN_UNUSED_VARIABLE = YES;
				MACOSX_DEPLOYMENT_TARGET = 10.10;
				MTL_ENABLE_DEBUG_INFO = YES;
				ONLY_ACTIVE_ARCH = YES;
				SDKROOT = macosx;
			};
			name = Debug;
		};
		BB55349B1A2896C70066D9CA /* Release */ = {
			isa = XCBuildConfiguration;
			buildSettings = {
				ALWAYS_SEARCH_USER_PATHS = NO;
				CLANG_CXX_LANGUAGE_STANDARD = "gnu++0x";
				CLANG_CXX_LIBRARY = "libc++";
				CLANG_ENABLE_MODULES = YES;
				CLANG_ENABLE_OBJC_ARC = YES;
				CLANG_WARN_BOOL_CONVERSION = YES;
				CLANG_WARN_CONSTANT_CONVERSION = YES;
				CLANG_WARN_DIRECT_OBJC_ISA_USAGE = YES_ERROR;
				CLANG_WARN_EMPTY_BODY = YES;
				CLANG_WARN_ENUM_CONVERSION = YES;
				CLANG_WARN_INT_CONVERSION = YES;
				CLANG_WARN_OBJC_ROOT_CLASS = YES_ERROR;
				CLANG_WARN_UNREACHABLE_CODE = YES;
				CLANG_WARN__DUPLICATE_METHOD_MATCH = YES;
				COPY_PHASE_STRIP = YES;
				DEBUG_INFORMATION_FORMAT = "dwarf-with-dsym";
				ENABLE_NS_ASSERTIONS = NO;
				ENABLE_STRICT_OBJC_MSGSEND = YES;
				GCC_C_LANGUAGE_STANDARD = gnu99;
				GCC_WARN_64_TO_32_BIT_CONVERSION = YES;
				GCC_WARN_ABOUT_RETURN_TYPE = YES_ERROR;
				GCC_WARN_UNDECLARED_SELECTOR = YES;
				GCC_WARN_UNINITIALIZED_AUTOS = YES_AGGRESSIVE;
				GCC_WARN_UNUSED_FUNCTION = YES;
				GCC_WARN_UNUSED_VARIABLE = YES;
				MACOSX_DEPLOYMENT_TARGET = 10.10;
				MTL_ENABLE_DEBUG_INFO = NO;
				SDKROOT = macosx;
			};
			name = Release;
		};
		BB55349D1A2896C70066D9CA /* Debug */ = {
			isa = XCBuildConfiguration;
			buildSettings = {
				PRODUCT_NAME = "$(TARGET_NAME)";
			};
			name = Debug;
		};
		BB55349E1A2896C70066D9CA /* Release */ = {
			isa = XCBuildConfiguration;
			buildSettings = {
				PRODUCT_NAME = "$(TARGET_NAME)";
			};
			name = Release;
		};
/* End XCBuildConfiguration section */

/* Begin XCConfigurationList section */
		BB5534901A2896C70066D9CA /* Build configuration list for PBXProject "ccinfluence" */ = {
			isa = XCConfigurationList;
			buildConfigurations = (
				BB55349A1A2896C70066D9CA /* Debug */,
				BB55349B1A2896C70066D9CA /* Release */,
			);
			defaultConfigurationIsVisible = 0;
			defaultConfigurationName = Release;
		};
		BB55349C1A2896C70066D9CA /* Build configuration list for PBXNativeTarget "ccinfluence" */ = {
			isa = XCConfigurationList;
			buildConfigurations = (
				BB55349D1A2896C70066D9CA /* Debug */,
				BB55349E1A2896C70066D9CA /* Release */,
			);
			defaultConfigurationIsVisible = 0;
			defaultConfigurationName = Release;
		};
/* End XCConfigurationList section */
	};
	rootObject = BB55348D1A2896C70066D9CA /* Project object */;
}
